
Microsoft Visual Studio Solution File, Format Version 12.00
# Visual Studio Version 17
VisualStudioVersion = 17.14.36109.1
MinimumVisualStudioVersion = 10.0.40219.1
Project("{8BC9CEB8-8B4A-11D0-8D11-00A0C91BC942}") = "XmlLite", "XmlLite\XmlLite.vcxproj", "{B184B7EA-EA4D-4E1E-ABDD-A9A6A91CBBCF}"
EndProject
Project("{8BC9CEB8-8B4A-11D0-8D11-00A0C91BC942}") = "JsonLite", "JsonLite\JsonLite.vcxproj", "{00E19325-42DF-4702-BF67-15521B736574}"
EndProject
Project("{8BC9CEB8-8B4A-11D0-8D11-00A0C91BC942}") = "CUtils", "CUtils\CUtils.vcxproj", "{02AEA09A-E5A7-4745-A108-91DD212F9CD6}"
EndProject
Project("{8BC9CEB8-8B4A-11D0-8D11-00A0C91BC942}") = "CapiWeb", "CapiWeb\CapiWeb.vcxproj", "{7CA4C94E-7491-4DE9-BA51-0BB02FB2DD60}"
	ProjectSection(ProjectDependencies) = postProject
		{02AEA09A-E5A7-4745-A108-91DD212F9CD6} = {02AEA09A-E5A7-4745-A108-91DD212F9CD6}
		{00E19325-42DF-4702-BF67-15521B736574} = {00E19325-42DF-4702-BF67-15521B736574}
	EndProjectSection
EndProject
Project("{8BC9CEB8-8B4A-11D0-8D11-00A0C91BC942}") = "Capi.Sample", "Capi.Sample\Capi.Sample.vcxproj", "{5ABD74C5-B49A-419B-B705-79CDF94623BC}"
	ProjectSection(ProjectDependencies) = postProject
		{7CA4C94E-7491-4DE9-BA51-0BB02FB2DD60} = {7CA4C94E-7491-4DE9-BA51-0BB02FB2DD60}
		{02AEA09A-E5A7-4745-A108-91DD212F9CD6} = {02AEA09A-E5A7-4745-A108-91DD212F9CD6}
		{00E19325-42DF-4702-BF67-15521B736574} = {00E19325-42DF-4702-BF67-15521B736574}
	EndProjectSection
EndProject
Project("{8BC9CEB8-8B4A-11D0-8D11-00A0C91BC942}") = "CapiWeb.Tests", "CapiWeb.Tests\CapiWeb.Tests.vcxproj", "{4B21A3D0-0D32-4C87-8E18-5B6F7D6A49EF}"
	ProjectSection(ProjectDependencies) = postProject
		{7CA4C94E-7491-4DE9-BA51-0BB02FB2DD60} = {7CA4C94E-7491-4DE9-BA51-0BB02FB2DD60}
		{02AEA09A-E5A7-4745-A108-91DD212F9CD6} = {02AEA09A-E5A7-4745-A108-91DD212F9CD6}
		{00E19325-42DF-4702-BF67-15521B736574} = {00E19325-42DF-4702-BF67-15521B736574}
	EndProjectSection
EndProject
Global
	GlobalSection(SolutionConfigurationPlatforms) = preSolution
		Debug|x64 = Debug|x64
		Debug|x86 = Debug|x86
		Release|x64 = Release|x64
		Release|x86 = Release|x86
	EndGlobalSection
	GlobalSection(ProjectConfigurationPlatforms) = postSolution
		{B184B7EA-EA4D-4E1E-ABDD-A9A6A91CBBCF}.Debug|x64.ActiveCfg = Debug|x64
		{B184B7EA-EA4D-4E1E-ABDD-A9A6A91CBBCF}.Debug|x64.Build.0 = Debug|x64
		{B184B7EA-EA4D-4E1E-ABDD-A9A6A91CBBCF}.Debug|x86.ActiveCfg = Debug|Win32
		{B184B7EA-EA4D-4E1E-ABDD-A9A6A91CBBCF}.Debug|x86.Build.0 = Debug|Win32
		{B184B7EA-EA4D-4E1E-ABDD-A9A6A91CBBCF}.Release|x64.ActiveCfg = Release|x64
		{B184B7EA-EA4D-4E1E-ABDD-A9A6A91CBBCF}.Release|x64.Build.0 = Release|x64
		{B184B7EA-EA4D-4E1E-ABDD-A9A6A91CBBCF}.Release|x86.ActiveCfg = Release|Win32
		{B184B7EA-EA4D-4E1E-ABDD-A9A6A91CBBCF}.Release|x86.Build.0 = Release|Win32
		{00E19325-42DF-4702-BF67-15521B736574}.Debug|x64.ActiveCfg = Debug|x64
		{00E19325-42DF-4702-BF67-15521B736574}.Debug|x64.Build.0 = Debug|x64
		{00E19325-42DF-4702-BF67-15521B736574}.Debug|x86.ActiveCfg = Debug|Win32
		{00E19325-42DF-4702-BF67-15521B736574}.Debug|x86.Build.0 = Debug|Win32
		{00E19325-42DF-4702-BF67-15521B736574}.Release|x64.ActiveCfg = Release|x64
		{00E19325-42DF-4702-BF67-15521B736574}.Release|x64.Build.0 = Release|x64
		{00E19325-42DF-4702-BF67-15521B736574}.Release|x86.ActiveCfg = Release|Win32
		{00E19325-42DF-4702-BF67-15521B736574}.Release|x86.Build.0 = Release|Win32
		{02AEA09A-E5A7-4745-A108-91DD212F9CD6}.Debug|x64.ActiveCfg = Debug|x64
		{02AEA09A-E5A7-4745-A108-91DD212F9CD6}.Debug|x64.Build.0 = Debug|x64
		{02AEA09A-E5A7-4745-A108-91DD212F9CD6}.Debug|x86.ActiveCfg = Debug|Win32
		{02AEA09A-E5A7-4745-A108-91DD212F9CD6}.Debug|x86.Build.0 = Debug|Win32
		{02AEA09A-E5A7-4745-A108-91DD212F9CD6}.Release|x64.ActiveCfg = Release|x64
		{02AEA09A-E5A7-4745-A108-91DD212F9CD6}.Release|x64.Build.0 = Release|x64
		{02AEA09A-E5A7-4745-A108-91DD212F9CD6}.Release|x86.ActiveCfg = Release|Win32
		{02AEA09A-E5A7-4745-A108-91DD212F9CD6}.Release|x86.Build.0 = Release|Win32
		{7CA4C94E-7491-4DE9-BA51-0BB02FB2DD60}.Debug|x64.ActiveCfg = Debug|x64
		{7CA4C94E-7491-4DE9-BA51-0BB02FB2DD60}.Debug|x64.Build.0 = Debug|x64
		{7CA4C94E-7491-4DE9-BA51-0BB02FB2DD60}.Debug|x86.ActiveCfg = Debug|Win32
		{7CA4C94E-7491-4DE9-BA51-0BB02FB2DD60}.Debug|x86.Build.0 = Debug|Win32
		{7CA4C94E-7491-4DE9-BA51-0BB02FB2DD60}.Release|x64.ActiveCfg = Release|x64
		{7CA4C94E-7491-4DE9-BA51-0BB02FB2DD60}.Release|x64.Build.0 = Release|x64
		{7CA4C94E-7491-4DE9-BA51-0BB02FB2DD60}.Release|x86.ActiveCfg = Release|Win32
		{7CA4C94E-7491-4DE9-BA51-0BB02FB2DD60}.Release|x86.Build.0 = Release|Win32
		{5ABD74C5-B49A-419B-B705-79CDF94623BC}.Debug|x64.ActiveCfg = Debug|x64
		{5ABD74C5-B49A-419B-B705-79CDF94623BC}.Debug|x64.Build.0 = Debug|x64
		{5ABD74C5-B49A-419B-B705-79CDF94623BC}.Debug|x86.ActiveCfg = Debug|Win32
		{5ABD74C5-B49A-419B-B705-79CDF94623BC}.Debug|x86.Build.0 = Debug|Win32
		{5ABD74C5-B49A-419B-B705-79CDF94623BC}.Release|x64.ActiveCfg = Release|x64
		{5ABD74C5-B49A-419B-B705-79CDF94623BC}.Release|x64.Build.0 = Release|x64
		{5ABD74C5-B49A-419B-B705-79CDF94623BC}.Release|x86.ActiveCfg = Release|Win32
		{5ABD74C5-B49A-419B-B705-79CDF94623BC}.Release|x86.Build.0 = Release|Win32
		{4B21A3D0-0D32-4C87-8E18-5B6F7D6A49EF}.Debug|x64.ActiveCfg = Debug|x64
		{4B21A3D0-0D32-4C87-8E18-5B6F7D6A49EF}.Debug|x64.Build.0 = Debug|x64
		{4B21A3D0-0D32-4C87-8E18-5B6F7D6A49EF}.Debug|x86.ActiveCfg = Debug|Win32
		{4B21A3D0-0D32-4C87-8E18-5B6F7D6A49EF}.Debug|x86.Build.0 = Debug|Win32
		{4B21A3D0-0D32-4C87-8E18-5B6F7D6A49EF}.Release|x64.ActiveCfg = Release|x64
		{4B21A3D0-0D32-4C87-8E18-5B6F7D6A49EF}.Release|x64.Build.0 = Release|x64
		{4B21A3D0-0D32-4C87-8E18-5B6F7D6A49EF}.Release|x86.ActiveCfg = Release|Win32
		{4B21A3D0-0D32-4C87-8E18-5B6F7D6A49EF}.Release|x86.Build.0 = Release|Win32
	EndGlobalSection
	GlobalSection(SolutionProperties) = preSolution
		HideSolutionNode = FALSE
	EndGlobalSection
	GlobalSection(ExtensibilityGlobals) = postSolution
		SolutionGuid = {E3A6AD76-FCAD-416E-B763-FBE300AF0613}
	EndGlobalSection
EndGlobal
