<?xml version="1.0" encoding="utf-8"?>
<Project ToolsVersion="4.0" xmlns="http://schemas.microsoft.com/developer/msbuild/2003">
  <ItemGroup>
    <Filter Include="源文件">
      <UniqueIdentifier>{4FC737F1-C7A5-4376-A066-2A32D752A2FF}</UniqueIdentifier>
      <Extensions>cpp;c;cc;cxx;c++;cppm;ixx;def;odl;idl;hpj;bat;asm;asmx</Extensions>
    </Filter>
    <Filter Include="头文件">
      <UniqueIdentifier>{93995380-89BD-4b04-88EB-625FBE52EBFB}</UniqueIdentifier>
      <Extensions>h;hh;hpp;hxx;h++;hm;inl;inc;ipp;xsd</Extensions>
    </Filter>
    <Filter Include="资源文件">
      <UniqueIdentifier>{67DA6AB6-F800-4c08-8B7A-83BB121AAD01}</UniqueIdentifier>
      <Extensions>rc;ico;cur;bmp;dlg;rc2;rct;bin;rgs;gif;jpg;jpeg;jpe;resx;tiff;tif;png;wav;mfcribbon-ms</Extensions>
    </Filter>
    <Filter Include="zlib">
      <UniqueIdentifier>{056b7787-3407-4afb-be99-83cbb613b091}</UniqueIdentifier>
    </Filter>
  </ItemGroup>
  <ItemGroup>
    <ClCompile Include="zlib\adler32.c">
      <Filter>zlib</Filter>
    </ClCompile>
    <ClCompile Include="zlib\compress.c">
      <Filter>zlib</Filter>
    </ClCompile>
    <ClCompile Include="zlib\crc32.c">
      <Filter>zlib</Filter>
    </ClCompile>
    <ClCompile Include="zlib\deflate.c">
      <Filter>zlib</Filter>
    </ClCompile>
    <ClCompile Include="zlib\infback.c">
      <Filter>zlib</Filter>
    </ClCompile>
    <ClCompile Include="zlib\inffast.c">
      <Filter>zlib</Filter>
    </ClCompile>
    <ClCompile Include="zlib\inflate.c">
      <Filter>zlib</Filter>
    </ClCompile>
    <ClCompile Include="zlib\inftrees.c">
      <Filter>zlib</Filter>
    </ClCompile>
    <ClCompile Include="zlib\trees.c">
      <Filter>zlib</Filter>
    </ClCompile>
    <ClCompile Include="zlib\uncompr.c">
      <Filter>zlib</Filter>
    </ClCompile>
    <ClCompile Include="zlib\zutil.c">
      <Filter>zlib</Filter>
    </ClCompile>
    <ClCompile Include="Clipboard.cpp">
      <Filter>源文件</Filter>
    </ClCompile>
    <ClCompile Include="Convert.cpp">
      <Filter>源文件</Filter>
    </ClCompile>
    <ClCompile Include="CRandom.cpp">
      <Filter>源文件</Filter>
    </ClCompile>
    <ClCompile Include="CRC.cpp">
      <Filter>源文件</Filter>
    </ClCompile>
    <ClCompile Include="DataPack.cpp">
      <Filter>源文件</Filter>
    </ClCompile>
    <ClCompile Include="DateTime.cpp">
      <Filter>源文件</Filter>
    </ClCompile>
    <ClCompile Include="Dialog.cpp">
      <Filter>源文件</Filter>
    </ClCompile>
    <ClCompile Include="Environment.cpp">
      <Filter>源文件</Filter>
    </ClCompile>
    <ClCompile Include="Event.cpp">
      <Filter>源文件</Filter>
    </ClCompile>
    <ClCompile Include="File.cpp">
      <Filter>源文件</Filter>
    </ClCompile>
    <ClCompile Include="FileInfo.cpp">
      <Filter>源文件</Filter>
    </ClCompile>
    <ClCompile Include="FileStream.cpp">
      <Filter>源文件</Filter>
    </ClCompile>
    <ClCompile Include="Guid.cpp">
      <Filter>源文件</Filter>
    </ClCompile>
    <ClCompile Include="MD5.cpp">
      <Filter>源文件</Filter>
    </ClCompile>
    <ClCompile Include="Process.cpp">
      <Filter>源文件</Filter>
    </ClCompile>
    <ClCompile Include="ProcessOperator.cpp">
      <Filter>源文件</Filter>
    </ClCompile>
    <ClCompile Include="Registry.cpp">
      <Filter>源文件</Filter>
    </ClCompile>
    <ClCompile Include="SHA256.cpp">
      <Filter>源文件</Filter>
    </ClCompile>
    <ClCompile Include="Socket.cpp">
      <Filter>源文件</Filter>
    </ClCompile>
    <ClCompile Include="StopWatch.cpp">
      <Filter>源文件</Filter>
    </ClCompile>
    <ClCompile Include="StringBuilder.cpp">
      <Filter>源文件</Filter>
    </ClCompile>
    <ClCompile Include="StringHelper.cpp">
      <Filter>源文件</Filter>
    </ClCompile>
    <ClCompile Include="TimeSpan.cpp">
      <Filter>源文件</Filter>
    </ClCompile>
    <ClCompile Include="Utils.cpp">
      <Filter>源文件</Filter>
    </ClCompile>
  </ItemGroup>
  <ItemGroup>
    <ClInclude Include="zlib\crc32.h">
      <Filter>zlib</Filter>
    </ClInclude>
    <ClInclude Include="zlib\deflate.h">
      <Filter>zlib</Filter>
    </ClInclude>
    <ClInclude Include="zlib\gzguts.h">
      <Filter>zlib</Filter>
    </ClInclude>
    <ClInclude Include="zlib\inffast.h">
      <Filter>zlib</Filter>
    </ClInclude>
    <ClInclude Include="zlib\inffixed.h">
      <Filter>zlib</Filter>
    </ClInclude>
    <ClInclude Include="zlib\inflate.h">
      <Filter>zlib</Filter>
    </ClInclude>
    <ClInclude Include="zlib\inftrees.h">
      <Filter>zlib</Filter>
    </ClInclude>
    <ClInclude Include="zlib\trees.h">
      <Filter>zlib</Filter>
    </ClInclude>
    <ClInclude Include="zlib\zconf.h">
      <Filter>zlib</Filter>
    </ClInclude>
    <ClInclude Include="zlib\zlib.h">
      <Filter>zlib</Filter>
    </ClInclude>
    <ClInclude Include="zlib\zutil.h">
      <Filter>zlib</Filter>
    </ClInclude>
    <ClInclude Include="Clipboard.h">
      <Filter>头文件</Filter>
    </ClInclude>
    <ClInclude Include="Convert.h">
      <Filter>头文件</Filter>
    </ClInclude>
    <ClInclude Include="CRandom.h">
      <Filter>头文件</Filter>
    </ClInclude>
    <ClInclude Include="CRC.h">
      <Filter>头文件</Filter>
    </ClInclude>
    <ClInclude Include="DataPack.h">
      <Filter>头文件</Filter>
    </ClInclude>
    <ClInclude Include="DateTime.h">
      <Filter>头文件</Filter>
    </ClInclude>
    <ClInclude Include="defines.h">
      <Filter>头文件</Filter>
    </ClInclude>
    <ClInclude Include="Dialog.h">
      <Filter>头文件</Filter>
    </ClInclude>
    <ClInclude Include="Dictionary.h">
      <Filter>头文件</Filter>
    </ClInclude>
    <ClInclude Include="Environment.h">
      <Filter>头文件</Filter>
    </ClInclude>
    <ClInclude Include="Event.h">
      <Filter>头文件</Filter>
    </ClInclude>
    <ClInclude Include="File.h">
      <Filter>头文件</Filter>
    </ClInclude>
    <ClInclude Include="FileInfo.h">
      <Filter>头文件</Filter>
    </ClInclude>
    <ClInclude Include="FileStream.h">
      <Filter>头文件</Filter>
    </ClInclude>
    <ClInclude Include="Guid.h">
      <Filter>头文件</Filter>
    </ClInclude>
    <ClInclude Include="HttpHelper.h">
      <Filter>头文件</Filter>
    </ClInclude>
    <ClInclude Include="jsonlite.hpp">
      <Filter>头文件</Filter>
    </ClInclude>
    <ClInclude Include="List.h">
      <Filter>头文件</Filter>
    </ClInclude>
    <ClInclude Include="MD5.h">
      <Filter>头文件</Filter>
    </ClInclude>
    <ClInclude Include="Process.h">
      <Filter>头文件</Filter>
    </ClInclude>
    <ClInclude Include="ProcessOperator.h">
      <Filter>头文件</Filter>
    </ClInclude>
    <ClInclude Include="Registry.h">
      <Filter>头文件</Filter>
    </ClInclude>
    <ClInclude Include="SHA256.h">
      <Filter>头文件</Filter>
    </ClInclude>
    <ClInclude Include="Socket.h">
      <Filter>头文件</Filter>
    </ClInclude>
    <ClInclude Include="StopWatch.h">
      <Filter>头文件</Filter>
    </ClInclude>
    <ClInclude Include="StringBuilder.h">
      <Filter>头文件</Filter>
    </ClInclude>
    <ClInclude Include="StringHelper.h">
      <Filter>头文件</Filter>
    </ClInclude>
    <ClInclude Include="TimeSpan.h">
      <Filter>头文件</Filter>
    </ClInclude>
    <ClInclude Include="Tuple.h">
      <Filter>头文件</Filter>
    </ClInclude>
    <ClInclude Include="Utils.h">
      <Filter>头文件</Filter>
    </ClInclude>
  </ItemGroup>
</Project>